<?xml version="1.0" encoding="utf-8"?>
<Project ToolsVersion="4.0" xmlns="http://schemas.microsoft.com/developer/msbuild/2003">
  <ItemGroup>
    <Filter Include="Quelldateien">
      <UniqueIdentifier>{4FC737F1-C7A5-4376-A066-2A32D752A2FF}</UniqueIdentifier>
      <Extensions>cpp;c;cc;cxx;c++;cppm;ixx;def;odl;idl;hpj;bat;asm;asmx</Extensions>
    </Filter>
    <Filter Include="Headerdateien">
      <UniqueIdentifier>{93995380-89BD-4b04-88EB-625FBE52EBFB}</UniqueIdentifier>
      <Extensions>h;hh;hpp;hxx;h++;hm;inl;inc;ipp;xsd</Extensions>
    </Filter>
    <Filter Include="Ressourcendateien">
      <UniqueIdentifier>{67DA6AB6-F800-4c08-8B7A-83BB121AAD01}</UniqueIdentifier>
      <Extensions>rc;ico;cur;bmp;dlg;rc2;rct;bin;rgs;gif;jpg;jpeg;jpe;resx;tiff;tif;png;wav;mfcribbon-ms</Extensions>
    </Filter>
    <Filter Include="Headerdateien\nodes">
      <UniqueIdentifier>{d7546a8e-4174-4284-8dc2-fd3c1da2881c}</UniqueIdentifier>
    </Filter>
    <Filter Include="Headerdateien\nodes\node_iterators">
      <UniqueIdentifier>{75179cd4-3f49-482d-b642-cc73869b1997}</UniqueIdentifier>
    </Filter>
    <Filter Include="Quelldateien\nodes">
      <UniqueIdentifier>{39abb929-58f9-4ae2-8fa7-73843abf90f0}</UniqueIdentifier>
    </Filter>
  </ItemGroup>
  <ItemGroup>
    <ClCompile Include="tree.cpp">
      <Filter>Quelldateien</Filter>
    </ClCompile>
    <ClCompile Include="node.cpp">
      <Filter>Quelldateien\nodes</Filter>
    </ClCompile>
    <ClCompile Include="leaf.cpp">
      <Filter>Quelldateien\nodes</Filter>
    </ClCompile>
    <ClCompile Include="abstract_node.cpp">
      <Filter>Quelldateien\nodes</Filter>
    </ClCompile>
  </ItemGroup>
  <ItemGroup>
    <ClInclude Include="abstract_node.h">
      <Filter>Headerdateien\nodes</Filter>
    </ClInclude>
    <ClInclude Include="leaf.h">
      <Filter>Headerdateien\nodes</Filter>
    </ClInclude>
    <ClInclude Include="node.h">
      <Filter>Headerdateien\nodes</Filter>
    </ClInclude>
    <ClInclude Include="Iterator.h">
      <Filter>Headerdateien\nodes\node_iterators</Filter>
    </ClInclude>
  </ItemGroup>
</Project>